{
  "name": "service-worker-includes",
  "version": "1.0.0",
  "lockfileVersion": 1,
  "requires": true,
  "dependencies": {
    "workbox-cacheable-response": {
      "version": "5.0.0-rc.1",
      "resolved": "https://registry.npmjs.org/workbox-cacheable-response/-/workbox-cacheable-response-5.0.0-rc.1.tgz",
      "integrity": "sha512-L7eP1rTgO+tG1g0BxAk0vWQ3ao7MlYnMD7d9uq3MB6H9/s3DNvdDU3XRcSS4CfqtekkdDJ9cKF+trF/nlVPHiQ==",
      "requires": {
        "workbox-core": "^5.0.0-rc.1"
      }
    },
    "workbox-core": {
      "version": "5.0.0-rc.1",
      "resolved": "https://registry.npmjs.org/workbox-core/-/workbox-core-5.0.0-rc.1.tgz",
      "integrity": "sha512-359e57sA0yVExt0ezwg8s4TlM1E6O3DP8hJJjD6onyCmwgykK0vvKsDn+FkCbxsCzecSQNwsnUaUAbg9L84WMw=="
    },
    "workbox-precaching": {
      "version": "5.0.0-rc.1",
      "resolved": "https://registry.npmjs.org/workbox-precaching/-/workbox-precaching-5.0.0-rc.1.tgz",
      "integrity": "sha512-7o1iCeS4nG2nhIJ0b0bjiBD9JmGb09C2tt5b1x6tS3z6bYjPpfOvfdK4+JGx9MqH4E/m9uNqhULvWikDm7WD9g==",
      "requires": {
        "workbox-core": "^5.0.0-rc.1"
      }
    },
    "workbox-routing": {
      "version": "5.0.0-rc.1",
      "resolved": "https://registry.npmjs.org/workbox-routing/-/workbox-routing-5.0.0-rc.1.tgz",
      "integrity": "sha512-jfpWMjyWehadR07Dx6DFTBvPCb+erJgdtJCq7VUiA64GFuZaHUiGJS7wguG46ivPom9owK0KA+gEMunSZOBZ2A==",
      "requires": {
        "workbox-core": "^5.0.0-rc.1"
      }
    },
    "workbox-strategies": {
      "version": "5.0.0-rc.1",
      "resolved": "https://registry.npmjs.org/workbox-strategies/-/workbox-strategies-5.0.0-rc.1.tgz",
      "integrity": "sha512-qx+X4QpPsnrWEUhxoniPjng5YXuUUVTubyc3a67kGCv1w0aUxDArjctE1tBoOnPCDVr0CgER4YHingUNFVH3TQ==",
      "requires": {
        "workbox-core": "^5.0.0-rc.1",
        "workbox-routing": "^5.0.0-rc.1"
      }
    }
  }
}
